
Microsoft Visual Studio Solution File, Format Version 12.00
# Visual Studio Version 17
VisualStudioVersion = 17.4.33213.308
MinimumVisualStudioVersion = 10.0.40219.1
Project("{FAE04EC0-301F-11D3-BF4B-00C04F79EFBC}") = "calculatorClass", "calculatorClass\calculatorClass.csproj", "{2034AB38-71C3-4357-8D55-B41C76337690}"
EndProject
Global
	GlobalSection(SolutionConfigurationPlatforms) = preSolution
		Debug|Any CPU = Debug|Any CPU
		Release|Any CPU = Release|Any CPU
	EndGlobalSection
	GlobalSection(ProjectConfigurationPlatforms) = postSolution
		{2034AB38-71C3-4357-8D55-B41C76337690}.Debug|Any CPU.ActiveCfg = Debug|Any CPU
		{2034AB38-71C3-4357-8D55-B41C76337690}.Debug|Any CPU.Build.0 = Debug|Any CPU
		{2034AB38-71C3-4357-8D55-B41C76337690}.Release|Any CPU.ActiveCfg = Release|Any CPU
		{2034AB38-71C3-4357-8D55-B41C76337690}.Release|Any CPU.Build.0 = Release|Any CPU
	EndGlobalSection
	GlobalSection(SolutionProperties) = preSolution
		HideSolutionNode = FALSE
	EndGlobalSection
	GlobalSection(ExtensibilityGlobals) = postSolution
		SolutionGuid = {3390EDAD-173D-4BBD-9C57-5CCFD2727421}
	EndGlobalSection
EndGlobal
